
Microsoft Visual Studio Solution File, Format Version 12.00
# Visual Studio Version 17
VisualStudioVersion = 17.3.32825.248
MinimumVisualStudioVersion = 10.0.40219.1
Project("{FAE04EC0-301F-11D3-BF4B-00C04F79EFBC}") = "ProductsApi", "ProductsApi.csproj", "{6FD0CFD4-B05E-40A8-865D-134EA7944846}"
EndProject
Project("{2150E333-8FDC-42A3-9474-1A3956D46DE8}") = "Solution Items", "Solution Items", "{ACB8923D-CCEF-431F-A638-73F35D118F29}"
	ProjectSection(SolutionItems) = preProject
		.editorconfig = .editorconfig
	EndProjectSection
EndProject
Global
	GlobalSection(SolutionConfigurationPlatforms) = preSolution
		Debug|Any CPU = Debug|Any CPU
		Release|Any CPU = Release|Any CPU
	EndGlobalSection
	GlobalSection(ProjectConfigurationPlatforms) = postSolution
		{6FD0CFD4-B05E-40A8-865D-134EA7944846}.Debug|Any CPU.ActiveCfg = Debug|Any CPU
		{6FD0CFD4-B05E-40A8-865D-134EA7944846}.Debug|Any CPU.Build.0 = Debug|Any CPU
		{6FD0CFD4-B05E-40A8-865D-134EA7944846}.Release|Any CPU.ActiveCfg = Release|Any CPU
		{6FD0CFD4-B05E-40A8-865D-134EA7944846}.Release|Any CPU.Build.0 = Release|Any CPU
	EndGlobalSection
	GlobalSection(SolutionProperties) = preSolution
		HideSolutionNode = FALSE
	EndGlobalSection
	GlobalSection(ExtensibilityGlobals) = postSolution
		SolutionGuid = {9CFBC91A-674B-465A-B649-F47425446F9B}
	EndGlobalSection
EndGlobal
